
Microsoft Visual Studio Solution File, Format Version 12.00
# Visual Studio 15
VisualStudioVersion = 15.0.28010.2048
MinimumVisualStudioVersion = 10.0.40219.1
Project("{FAE04EC0-301F-11D3-BF4B-00C04F79EFBC}") = "Agenda_persoane", "Agenda_persoane\Agenda_persoane.csproj", "{1CDAA2F4-E073-43B3-A15F-FF984FC6DBBD}"
EndProject
Global
	GlobalSection(SolutionConfigurationPlatforms) = preSolution
		Debug|Any CPU = Debug|Any CPU
		Release|Any CPU = Release|Any CPU
	EndGlobalSection
	GlobalSection(ProjectConfigurationPlatforms) = postSolution
		{1CDAA2F4-E073-43B3-A15F-FF984FC6DBBD}.Debug|Any CPU.ActiveCfg = Debug|Any CPU
		{1CDAA2F4-E073-43B3-A15F-FF984FC6DBBD}.Debug|Any CPU.Build.0 = Debug|Any CPU
		{1CDAA2F4-E073-43B3-A15F-FF984FC6DBBD}.Release|Any CPU.ActiveCfg = Release|Any CPU
		{1CDAA2F4-E073-43B3-A15F-FF984FC6DBBD}.Release|Any CPU.Build.0 = Release|Any CPU
	EndGlobalSection
	GlobalSection(SolutionProperties) = preSolution
		HideSolutionNode = FALSE
	EndGlobalSection
	GlobalSection(ExtensibilityGlobals) = postSolution
		SolutionGuid = {F32809CF-9E18-4917-845F-B3C563693E62}
	EndGlobalSection
EndGlobal
