
Microsoft Visual Studio Solution File, Format Version 12.00
# Visual Studio 15
VisualStudioVersion = 15.0.27110.0
MinimumVisualStudioVersion = 10.0.40219.1
Project("{FAE04EC0-301F-11D3-BF4B-00C04F79EFBC}") = "OOP_Principles", "OOP_Principles\OOP_Principles.csproj", "{A8C47D82-32D3-4D29-9E03-EF97BF7628B2}"
EndProject
Global
	GlobalSection(SolutionConfigurationPlatforms) = preSolution
		Debug|Any CPU = Debug|Any CPU
		Release|Any CPU = Release|Any CPU
	EndGlobalSection
	GlobalSection(ProjectConfigurationPlatforms) = postSolution
		{A8C47D82-32D3-4D29-9E03-EF97BF7628B2}.Debug|Any CPU.ActiveCfg = Debug|Any CPU
		{A8C47D82-32D3-4D29-9E03-EF97BF7628B2}.Debug|Any CPU.Build.0 = Debug|Any CPU
		{A8C47D82-32D3-4D29-9E03-EF97BF7628B2}.Release|Any CPU.ActiveCfg = Release|Any CPU
		{A8C47D82-32D3-4D29-9E03-EF97BF7628B2}.Release|Any CPU.Build.0 = Release|Any CPU
	EndGlobalSection
	GlobalSection(SolutionProperties) = preSolution
		HideSolutionNode = FALSE
	EndGlobalSection
	GlobalSection(ExtensibilityGlobals) = postSolution
		SolutionGuid = {33919C4F-046F-4AD2-9F19-B35280F519A2}
	EndGlobalSection
EndGlobal
